{
  "object": {
    "pins": [
      {
        "package": "SmartlookConsentSDK",
        "repositoryURL": "https://github.com/smartlook/ios-consent-sdk",
        "state": {
          "branch": null,
          "revision": "268dff63859f4e91de71aadaa153af44cf455824",
          "version": "1.6.0"
        }
      }
    ]
  },
  "version": 1
}
