{
  "object": {
    "pins": [
      {
        "package": "SmartlookConsentSDK",
        "repositoryURL": "https://github.com/smartlook/ios-consent-sdk",
        "state": {
          "branch": null,
          "revision": "268dff63859f4e91de71aadaa153af44cf455824",
          "version": "1.6.0"
        }
      },
      {
        "package": "Smartlook",
        "repositoryURL": "https://github.com/smartlook/SmartlookSwiftPackage",
        "state": {
          "branch": null,
          "revision": "8b8ef05708a7f0244808fd58b86739209775c56c",
          "version": "1.7.2"
        }
      }
    ]
  },
  "version": 1
}
